// !$*UTF8*$!
{
	archiveVersion = 1;
	classes = {
	};
	objectVersion = 46;
	objects = {

/* Begin PBXBuildFile section */
		DC1E67FF1A70C62F0030E0D1 /* AppDelegate.swift in Sources */ = {isa = PBXBuildFile; fileRef = DC1E67FE1A70C62F0030E0D1 /* AppDelegate.swift */; };
		DC1E68011A70C62F0030E0D1 /* ViewController.swift in Sources */ = {isa = PBXBuildFile; fileRef = DC1E68001A70C62F0030E0D1 /* ViewController.swift */; };
		DC1E68041A70C62F0030E0D1 /* Main.storyboard in Resources */ = {isa = PBXBuildFile; fileRef = DC1E68021A70C62F0030E0D1 /* Main.storyboard */; };
		DC1E68061A70C62F0030E0D1 /* Images.xcassets in Resources */ = {isa = PBXBuildFile; fileRef = DC1E68051A70C62F0030E0D1 /* Images.xcassets */; };
		DC1E68091A70C62F0030E0D1 /* LaunchScreen.xib in Resources */ = {isa = PBXBuildFile; fileRef = DC1E68071A70C62F0030E0D1 /* LaunchScreen.xib */; };
		DC1E68151A70C62F0030E0D1 /* mathTests.swift in Sources */ = {isa = PBXBuildFile; fileRef = DC1E68141A70C62F0030E0D1 /* mathTests.swift */; };
		DC1E681F1A70D8DC0030E0D1 /* MenuViewController.swift in Sources */ = {isa = PBXBuildFile; fileRef = DC1E681E1A70D8DC0030E0D1 /* MenuViewController.swift */; };
/* End PBXBuildFile section */

/* Begin PBXContainerItemProxy section */
		DC1E680F1A70C62F0030E0D1 /* PBXContainerItemProxy */ = {
			isa = PBXContainerItemProxy;
			containerPortal = DC1E67F11A70C62F0030E0D1 /* Project object */;
			proxyType = 1;
			remoteGlobalIDString = DC1E67F81A70C62F0030E0D1;
			remoteInfo = math;
		};
/* End PBXContainerItemProxy section */

/* Begin PBXFileReference section */
		DC1E67F91A70C62F0030E0D1 /* math.app */ = {isa = PBXFileReference; explicitFileType = wrapper.application; includeInIndex = 0; path = math.app; sourceTree = BUILT_PRODUCTS_DIR; };
		DC1E67FD1A70C62F0030E0D1 /* Info.plist */ = {isa = PBXFileReference; lastKnownFileType = text.plist.xml; path = Info.plist; sourceTree = "<group>"; };
		DC1E67FE1A70C62F0030E0D1 /* AppDelegate.swift */ = {isa = PBXFileReference; lastKnownFileType = sourcecode.swift; path = AppDelegate.swift; sourceTree = "<group>"; };
		DC1E68001A70C62F0030E0D1 /* ViewController.swift */ = {isa = PBXFileReference; lastKnownFileType = sourcecode.swift; path = ViewController.swift; sourceTree = "<group>"; };
		DC1E68031A70C62F0030E0D1 /* Base */ = {isa = PBXFileReference; lastKnownFileType = file.storyboard; name = Base; path = Base.lproj/Main.storyboard; sourceTree = "<group>"; };
		DC1E68051A70C62F0030E0D1 /* Images.xcassets */ = {isa = PBXFileReference; lastKnownFileType = folder.assetcatalog; path = Images.xcassets; sourceTree = "<group>"; };
		DC1E68081A70C62F0030E0D1 /* Base */ = {isa = PBXFileReference; lastKnownFileType = file.xib; name = Base; path = Base.lproj/LaunchScreen.xib; sourceTree = "<group>"; };
		DC1E680E1A70C62F0030E0D1 /* mathTests.xctest */ = {isa = PBXFileReference; explicitFileType = wrapper.cfbundle; includeInIndex = 0; path = mathTests.xctest; sourceTree = BUILT_PRODUCTS_DIR; };
		DC1E68131A70C62F0030E0D1 /* Info.plist */ = {isa = PBXFileReference; lastKnownFileType = text.plist.xml; path = Info.plist; sourceTree = "<group>"; };
		DC1E68141A70C62F0030E0D1 /* mathTests.swift */ = {isa = PBXFileReference; lastKnownFileType = sourcecode.swift; path = mathTests.swift; sourceTree = "<group>"; };
		DC1E681E1A70D8DC0030E0D1 /* MenuViewController.swift */ = {isa = PBXFileReference; fileEncoding = 4; lastKnownFileType = sourcecode.swift; path = MenuViewController.swift; sourceTree = "<group>"; };
/* End PBXFileReference section */

/* Begin PBXFrameworksBuildPhase section */
		DC1E67F61A70C62F0030E0D1 /* Frameworks */ = {
			isa = PBXFrameworksBuildPhase;
			buildActionMask = 2147483647;
			files = (
			);
			runOnlyForDeploymentPostprocessing = 0;
		};
		DC1E680B1A70C62F0030E0D1 /* Frameworks */ = {
			isa = PBXFrameworksBuildPhase;
			buildActionMask = 2147483647;
			files = (
			);
			runOnlyForDeploymentPostprocessing = 0;
		};
/* End PBXFrameworksBuildPhase section */

/* Begin PBXGroup section */
		DC1E67F01A70C62F0030E0D1 = {
			isa = PBXGroup;
			children = (
				DC1E67FB1A70C62F0030E0D1 /* math */,
				DC1E68111A70C62F0030E0D1 /* mathTests */,
				DC1E67FA1A70C62F0030E0D1 /* Products */,
			);
			sourceTree = "<group>";
		};
		DC1E67FA1A70C62F0030E0D1 /* Products */ = {
			isa = PBXGroup;
			children = (
				DC1E67F91A70C62F0030E0D1 /* math.app */,
				DC1E680E1A70C62F0030E0D1 /* mathTests.xctest */,
			);
			name = Products;
			sourceTree = "<group>";
		};
		DC1E67FB1A70C62F0030E0D1 /* math */ = {
			isa = PBXGroup;
			children = (
				DC1E67FE1A70C62F0030E0D1 /* AppDelegate.swift */,
				DC1E68001A70C62F0030E0D1 /* ViewController.swift */,
				DC1E68021A70C62F0030E0D1 /* Main.storyboard */,
				DC1E68051A70C62F0030E0D1 /* Images.xcassets */,
				DC1E68071A70C62F0030E0D1 /* LaunchScreen.xib */,
				DC1E67FC1A70C62F0030E0D1 /* Supporting Files */,
				DC1E681E1A70D8DC0030E0D1 /* MenuViewController.swift */,
			);
			path = math;
			sourceTree = "<group>";
		};
		DC1E67FC1A70C62F0030E0D1 /* Supporting Files */ = {
			isa = PBXGroup;
			children = (
				DC1E67FD1A70C62F0030E0D1 /* Info.plist */,
			);
			name = "Supporting Files";
			sourceTree = "<group>";
		};
		DC1E68111A70C62F0030E0D1 /* mathTests */ = {
			isa = PBXGroup;
			children = (
				DC1E68141A70C62F0030E0D1 /* mathTests.swift */,
				DC1E68121A70C62F0030E0D1 /* Supporting Files */,
			);
			path = mathTests;
			sourceTree = "<group>";
		};
		DC1E68121A70C62F0030E0D1 /* Supporting Files */ = {
			isa = PBXGroup;
			children = (
				DC1E68131A70C62F0030E0D1 /* Info.plist */,
			);
			name = "Supporting Files";
			sourceTree = "<group>";
		};
/* End PBXGroup section */

/* Begin PBXNativeTarget section */
		DC1E67F81A70C62F0030E0D1 /* math */ = {
			isa = PBXNativeTarget;
			buildConfigurationList = DC1E68181A70C62F0030E0D1 /* Build configuration list for PBXNativeTarget "math" */;
			buildPhases = (
				DC1E67F51A70C62F0030E0D1 /* Sources */,
				DC1E67F61A70C62F0030E0D1 /* Frameworks */,
				DC1E67F71A70C62F0030E0D1 /* Resources */,
			);
			buildRules = (
			);
			dependencies = (
			);
			name = math;
			productName = math;
			productReference = DC1E67F91A70C62F0030E0D1 /* math.app */;
			productType = "com.apple.product-type.application";
		};
		DC1E680D1A70C62F0030E0D1 /* mathTests */ = {
			isa = PBXNativeTarget;
			buildConfigurationList = DC1E681B1A70C62F0030E0D1 /* Build configuration list for PBXNativeTarget "mathTests" */;
			buildPhases = (
				DC1E680A1A70C62F0030E0D1 /* Sources */,
				DC1E680B1A70C62F0030E0D1 /* Frameworks */,
				DC1E680C1A70C62F0030E0D1 /* Resources */,
			);
			buildRules = (
			);
			dependencies = (
				DC1E68101A70C62F0030E0D1 /* PBXTargetDependency */,
			);
			name = mathTests;
			productName = mathTests;
			productReference = DC1E680E1A70C62F0030E0D1 /* mathTests.xctest */;
			productType = "com.apple.product-type.bundle.unit-test";
		};
/* End PBXNativeTarget section */

/* Begin PBXProject section */
		DC1E67F11A70C62F0030E0D1 /* Project object */ = {
			isa = PBXProject;
			attributes = {
				LastUpgradeCheck = 0610;
				ORGANIZATIONNAME = "Gabriel Tan";
				TargetAttributes = {
					DC1E67F81A70C62F0030E0D1 = {
						CreatedOnToolsVersion = 6.1.1;
					};
					DC1E680D1A70C62F0030E0D1 = {
						CreatedOnToolsVersion = 6.1.1;
						TestTargetID = DC1E67F81A70C62F0030E0D1;
					};
				};
			};
			buildConfigurationList = DC1E67F41A70C62F0030E0D1 /* Build configuration list for PBXProject "math" */;
			compatibilityVersion = "Xcode 3.2";
			developmentRegion = English;
			hasScannedForEncodings = 0;
			knownRegions = (
				en,
				Base,
			);
			mainGroup = DC1E67F01A70C62F0030E0D1;
			productRefGroup = DC1E67FA1A70C62F0030E0D1 /* Products */;
			projectDirPath = "";
			projectRoot = "";
			targets = (
				DC1E67F81A70C62F0030E0D1 /* math */,
				DC1E680D1A70C62F0030E0D1 /* mathTests */,
			);
		};
/* End PBXProject section */

/* Begin PBXResourcesBuildPhase section */
		DC1E67F71A70C62F0030E0D1 /* Resources */ = {
			isa = PBXResourcesBuildPhase;
			buildActionMask = 2147483647;
			files = (
				DC1E68041A70C62F0030E0D1 /* Main.storyboard in Resources */,
				DC1E68091A70C62F0030E0D1 /* LaunchScreen.xib in Resources */,
				DC1E68061A70C62F0030E0D1 /* Images.xcassets in Resources */,
			);
			runOnlyForDeploymentPostprocessing = 0;
		};
		DC1E680C1A70C62F0030E0D1 /* Resources */ = {
			isa = PBXResourcesBuildPhase;
			buildActionMask = 2147483647;
			files = (
			);
			runOnlyForDeploymentPostprocessing = 0;
		};
/* End PBXResourcesBuildPhase section */

/* Begin PBXSourcesBuildPhase section */
		DC1E67F51A70C62F0030E0D1 /* Sources */ = {
			isa = PBXSourcesBuildPhase;
			buildActionMask = 2147483647;
			files = (
				DC1E68011A70C62F0030E0D1 /* ViewController.swift in Sources */,
				DC1E681F1A70D8DC0030E0D1 /* MenuViewController.swift in Sources */,
				DC1E67FF1A70C62F0030E0D1 /* AppDelegate.swift in Sources */,
			);
			runOnlyForDeploymentPostprocessing = 0;
		};
		DC1E680A1A70C62F0030E0D1 /* Sources */ = {
			isa = PBXSourcesBuildPhase;
			buildActionMask = 2147483647;
			files = (
				DC1E68151A70C62F0030E0D1 /* mathTests.swift in Sources */,
			);
			runOnlyForDeploymentPostprocessing = 0;
		};
/* End PBXSourcesBuildPhase section */

/* Begin PBXTargetDependency section */
		DC1E68101A70C62F0030E0D1 /* PBXTargetDependency */ = {
			isa = PBXTargetDependency;
			target = DC1E67F81A70C62F0030E0D1 /* math */;
			targetProxy = DC1E680F1A70C62F0030E0D1 /* PBXContainerItemProxy */;
		};
/* End PBXTargetDependency section */

/* Begin PBXVariantGroup section */
		DC1E68021A70C62F0030E0D1 /* Main.storyboard */ = {
			isa = PBXVariantGroup;
			children = (
				DC1E68031A70C62F0030E0D1 /* Base */,
			);
			name = Main.storyboard;
			sourceTree = "<group>";
		};
		DC1E68071A70C62F0030E0D1 /* LaunchScreen.xib */ = {
			isa = PBXVariantGroup;
			children = (
				DC1E68081A70C62F0030E0D1 /* Base */,
			);
			name = LaunchScreen.xib;
			sourceTree = "<group>";
		};
/* End PBXVariantGroup section */

/* Begin XCBuildConfiguration section */
		DC1E68161A70C62F0030E0D1 /* Debug */ = {
			isa = XCBuildConfiguration;
			buildSettings = {
				ALWAYS_SEARCH_USER_PATHS = NO;
				CLANG_CXX_LANGUAGE_STANDARD = "gnu++0x";
				CLANG_CXX_LIBRARY = "libc++";
				CLANG_ENABLE_MODULES = YES;
				CLANG_ENABLE_OBJC_ARC = YES;
				CLANG_WARN_BOOL_CONVERSION = YES;
				CLANG_WARN_CONSTANT_CONVERSION = YES;
				CLANG_WARN_DIRECT_OBJC_ISA_USAGE = YES_ERROR;
				CLANG_WARN_EMPTY_BODY = YES;
				CLANG_WARN_ENUM_CONVERSION = YES;
				CLANG_WARN_INT_CONVERSION = YES;
				CLANG_WARN_OBJC_ROOT_CLASS = YES_ERROR;
				CLANG_WARN_UNREACHABLE_CODE = YES;
				CLANG_WARN__DUPLICATE_METHOD_MATCH = YES;
				"CODE_SIGN_IDENTITY[sdk=iphoneos*]" = "iPhone Developer";
				COPY_PHASE_STRIP = NO;
				ENABLE_STRICT_OBJC_MSGSEND = YES;
				GCC_C_LANGUAGE_STANDARD = gnu99;
				GCC_DYNAMIC_NO_PIC = NO;
				GCC_OPTIMIZATION_LEVEL = 0;
				GCC_PREPROCESSOR_DEFINITIONS = (
					"DEBUG=1",
					"$(inherited)",
				);
				GCC_SYMBOLS_PRIVATE_EXTERN = NO;
				GCC_WARN_64_TO_32_BIT_CONVERSION = YES;
				GCC_WARN_ABOUT_RETURN_TYPE = YES_ERROR;
				GCC_WARN_UNDECLARED_SELECTOR = YES;
				GCC_WARN_UNINITIALIZED_AUTOS = YES_AGGRESSIVE;
				GCC_WARN_UNUSED_FUNCTION = YES;
				GCC_WARN_UNUSED_VARIABLE = YES;
				IPHONEOS_DEPLOYMENT_TARGET = 8.1;
				MTL_ENABLE_DEBUG_INFO = YES;
				ONLY_ACTIVE_ARCH = YES;
				SDKROOT = iphoneos;
				SWIFT_OPTIMIZATION_LEVEL = "-Onone";
			};
			name = Debug;
		};
		DC1E68171A70C62F0030E0D1 /* Release */ = {
			isa = XCBuildConfiguration;
			buildSettings = {
				ALWAYS_SEARCH_USER_PATHS = NO;
				CLANG_CXX_LANGUAGE_STANDARD = "gnu++0x";
				CLANG_CXX_LIBRARY = "libc++";
				CLANG_ENABLE_MODULES = YES;
				CLANG_ENABLE_OBJC_ARC = YES;
				CLANG_WARN_BOOL_CONVERSION = YES;
				CLANG_WARN_CONSTANT_CONVERSION = YES;
				CLANG_WARN_DIRECT_OBJC_ISA_USAGE = YES_ERROR;
				CLANG_WARN_EMPTY_BODY = YES;
				CLANG_WARN_ENUM_CONVERSION = YES;
				CLANG_WARN_INT_CONVERSION = YES;
				CLANG_WARN_OBJC_ROOT_CLASS = YES_ERROR;
				CLANG_WARN_UNREACHABLE_CODE = YES;
				CLANG_WARN__DUPLICATE_METHOD_MATCH = YES;
				"CODE_SIGN_IDENTITY[sdk=iphoneos*]" = "iPhone Developer";
				COPY_PHASE_STRIP = YES;
				ENABLE_NS_ASSERTIONS = NO;
				ENABLE_STRICT_OBJC_MSGSEND = YES;
				GCC_C_LANGUAGE_STANDARD = gnu99;
				GCC_WARN_64_TO_32_BIT_CONVERSION = YES;
				GCC_WARN_ABOUT_RETURN_TYPE = YES_ERROR;
				GCC_WARN_UNDECLARED_SELECTOR = YES;
				GCC_WARN_UNINITIALIZED_AUTOS = YES_AGGRESSIVE;
				GCC_WARN_UNUSED_FUNCTION = YES;
				GCC_WARN_UNUSED_VARIABLE = YES;
				IPHONEOS_DEPLOYMENT_TARGET = 8.1;
				MTL_ENABLE_DEBUG_INFO = NO;
				SDKROOT = iphoneos;
				VALIDATE_PRODUCT = YES;
			};
			name = Release;
		};
		DC1E68191A70C62F0030E0D1 /* Debug */ = {
			isa = XCBuildConfiguration;
			buildSettings = {
				ASSETCATALOG_COMPILER_APPICON_NAME = AppIcon;
				INFOPLIST_FILE = math/Info.plist;
				LD_RUNPATH_SEARCH_PATHS = "$(inherited) @executable_path/Frameworks";
				PRODUCT_NAME = "$(TARGET_NAME)";
			};
			name = Debug;
		};
		DC1E681A1A70C62F0030E0D1 /* Release */ = {
			isa = XCBuildConfiguration;
			buildSettings = {
				ASSETCATALOG_COMPILER_APPICON_NAME = AppIcon;
				INFOPLIST_FILE = math/Info.plist;
				LD_RUNPATH_SEARCH_PATHS = "$(inherited) @executable_path/Frameworks";
				PRODUCT_NAME = "$(TARGET_NAME)";
			};
			name = Release;
		};
		DC1E681C1A70C62F0030E0D1 /* Debug */ = {
			isa = XCBuildConfiguration;
			buildSettings = {
				BUNDLE_LOADER = "$(TEST_HOST)";
				FRAMEWORK_SEARCH_PATHS = (
					"$(SDKROOT)/Developer/Library/Frameworks",
					"$(inherited)",
				);
				GCC_PREPROCESSOR_DEFINITIONS = (
					"DEBUG=1",
					"$(inherited)",
				);
				INFOPLIST_FILE = mathTests/Info.plist;
				LD_RUNPATH_SEARCH_PATHS = "$(inherited) @executable_path/Frameworks @loader_path/Frameworks";
				PRODUCT_NAME = "$(TARGET_NAME)";
				TEST_HOST = "$(BUILT_PRODUCTS_DIR)/math.app/math";
			};
			name = Debug;
		};
		DC1E681D1A70C62F0030E0D1 /* Release */ = {
			isa = XCBuildConfiguration;
			buildSettings = {
				BUNDLE_LOADER = "$(TEST_HOST)";
				FRAMEWORK_SEARCH_PATHS = (
					"$(SDKROOT)/Developer/Library/Frameworks",
					"$(inherited)",
				);
				INFOPLIST_FILE = mathTests/Info.plist;
				LD_RUNPATH_SEARCH_PATHS = "$(inherited) @executable_path/Frameworks @loader_path/Frameworks";
				PRODUCT_NAME = "$(TARGET_NAME)";
				TEST_HOST = "$(BUILT_PRODUCTS_DIR)/math.app/math";
			};
			name = Release;
		};
/* End XCBuildConfiguration section */

/* Begin XCConfigurationList section */
		DC1E67F41A70C62F0030E0D1 /* Build configuration list for PBXProject "math" */ = {
			isa = XCConfigurationList;
			buildConfigurations = (
				DC1E68161A70C62F0030E0D1 /* Debug */,
				DC1E68171A70C62F0030E0D1 /* Release */,
			);
			defaultConfigurationIsVisible = 0;
			defaultConfigurationName = Release;
		};
		DC1E68181A70C62F0030E0D1 /* Build configuration list for PBXNativeTarget "math" */ = {
			isa = XCConfigurationList;
			buildConfigurations = (
				DC1E68191A70C62F0030E0D1 /* Debug */,
				DC1E681A1A70C62F0030E0D1 /* Release */,
			);
			defaultConfigurationIsVisible = 0;
			defaultConfigurationName = Release;
		};
		DC1E681B1A70C62F0030E0D1 /* Build configuration list for PBXNativeTarget "mathTests" */ = {
			isa = XCConfigurationList;
			buildConfigurations = (
				DC1E681C1A70C62F0030E0D1 /* Debug */,
				DC1E681D1A70C62F0030E0D1 /* Release */,
			);
			defaultConfigurationIsVisible = 0;
			defaultConfigurationName = Release;
		};
/* End XCConfigurationList section */
	};
	rootObject = DC1E67F11A70C62F0030E0D1 /* Project object */;
}
